
Microsoft Visual Studio Solution File, Format Version 12.00
# Visual Studio Version 17
VisualStudioVersion = 17.9.34728.123
MinimumVisualStudioVersion = 10.0.40219.1
Project("{FAE04EC0-301F-11D3-BF4B-00C04F79EFBC}") = "HotelManagementSystem", "HotelManagementSystem\HotelManagementSystem.csproj", "{115319D3-1FCF-40B8-8EF1-DB9D7B1BAF1E}"
EndProject
Project("{FAE04EC0-301F-11D3-BF4B-00C04F79EFBC}") = "DataAccess", "DataAccess\DataAccess.csproj", "{5F8502A1-FD2D-42AE-A992-8F2DC5146D38}"
EndProject
Project("{FAE04EC0-301F-11D3-BF4B-00C04F79EFBC}") = "DataObject", "DataObject\DataObject.csproj", "{7DA2ECC6-AC27-4759-88C1-5692F1996F43}"
EndProject
Global
	GlobalSection(SolutionConfigurationPlatforms) = preSolution
		Debug|Any CPU = Debug|Any CPU
		Release|Any CPU = Release|Any CPU
	EndGlobalSection
	GlobalSection(ProjectConfigurationPlatforms) = postSolution
		{115319D3-1FCF-40B8-8EF1-DB9D7B1BAF1E}.Debug|Any CPU.ActiveCfg = Debug|Any CPU
		{115319D3-1FCF-40B8-8EF1-DB9D7B1BAF1E}.Debug|Any CPU.Build.0 = Debug|Any CPU
		{115319D3-1FCF-40B8-8EF1-DB9D7B1BAF1E}.Release|Any CPU.ActiveCfg = Release|Any CPU
		{115319D3-1FCF-40B8-8EF1-DB9D7B1BAF1E}.Release|Any CPU.Build.0 = Release|Any CPU
		{5F8502A1-FD2D-42AE-A992-8F2DC5146D38}.Debug|Any CPU.ActiveCfg = Debug|Any CPU
		{5F8502A1-FD2D-42AE-A992-8F2DC5146D38}.Debug|Any CPU.Build.0 = Debug|Any CPU
		{5F8502A1-FD2D-42AE-A992-8F2DC5146D38}.Release|Any CPU.ActiveCfg = Release|Any CPU
		{5F8502A1-FD2D-42AE-A992-8F2DC5146D38}.Release|Any CPU.Build.0 = Release|Any CPU
		{7DA2ECC6-AC27-4759-88C1-5692F1996F43}.Debug|Any CPU.ActiveCfg = Debug|Any CPU
		{7DA2ECC6-AC27-4759-88C1-5692F1996F43}.Debug|Any CPU.Build.0 = Debug|Any CPU
		{7DA2ECC6-AC27-4759-88C1-5692F1996F43}.Release|Any CPU.ActiveCfg = Release|Any CPU
		{7DA2ECC6-AC27-4759-88C1-5692F1996F43}.Release|Any CPU.Build.0 = Release|Any CPU
	EndGlobalSection
	GlobalSection(SolutionProperties) = preSolution
		HideSolutionNode = FALSE
	EndGlobalSection
	GlobalSection(ExtensibilityGlobals) = postSolution
		SolutionGuid = {6C9E0242-815B-49BC-BABF-29C2357EAF85}
	EndGlobalSection
EndGlobal
